
Microsoft Visual Studio Solution File, Format Version 12.00
# Visual Studio Version 17
VisualStudioVersion = 17.1.32210.238
MinimumVisualStudioVersion = 10.0.40219.1
Project("{FAE04EC0-301F-11D3-BF4B-00C04F79EFBC}") = "lab2SaddlePoint", "lab2SaddlePoint\lab2SaddlePoint.csproj", "{CB661B2D-F171-47CE-9FA8-58EB5DBFDACD}"
EndProject
Global
	GlobalSection(SolutionConfigurationPlatforms) = preSolution
		Debug|Any CPU = Debug|Any CPU
		Release|Any CPU = Release|Any CPU
	EndGlobalSection
	GlobalSection(ProjectConfigurationPlatforms) = postSolution
		{CB661B2D-F171-47CE-9FA8-58EB5DBFDACD}.Debug|Any CPU.ActiveCfg = Debug|Any CPU
		{CB661B2D-F171-47CE-9FA8-58EB5DBFDACD}.Debug|Any CPU.Build.0 = Debug|Any CPU
		{CB661B2D-F171-47CE-9FA8-58EB5DBFDACD}.Release|Any CPU.ActiveCfg = Release|Any CPU
		{CB661B2D-F171-47CE-9FA8-58EB5DBFDACD}.Release|Any CPU.Build.0 = Release|Any CPU
	EndGlobalSection
	GlobalSection(SolutionProperties) = preSolution
		HideSolutionNode = FALSE
	EndGlobalSection
	GlobalSection(ExtensibilityGlobals) = postSolution
		SolutionGuid = {3E80515F-BAF0-444A-9F21-49C9BDDB52D1}
	EndGlobalSection
EndGlobal
