
Microsoft Visual Studio Solution File, Format Version 12.00
# Visual Studio Version 17
VisualStudioVersion = 17.1.32210.238
MinimumVisualStudioVersion = 10.0.40219.1
Project("{FAE04EC0-301F-11D3-BF4B-00C04F79EFBC}") = "ConsoleApp1", "ConsoleApp1.csproj", "{DCF2785F-D4DC-4C30-997B-725674B5A715}"
EndProject
Global
	GlobalSection(SolutionConfigurationPlatforms) = preSolution
		Debug|Any CPU = Debug|Any CPU
		Release|Any CPU = Release|Any CPU
	EndGlobalSection
	GlobalSection(ProjectConfigurationPlatforms) = postSolution
		{DCF2785F-D4DC-4C30-997B-725674B5A715}.Debug|Any CPU.ActiveCfg = Debug|Any CPU
		{DCF2785F-D4DC-4C30-997B-725674B5A715}.Debug|Any CPU.Build.0 = Debug|Any CPU
		{DCF2785F-D4DC-4C30-997B-725674B5A715}.Release|Any CPU.ActiveCfg = Release|Any CPU
		{DCF2785F-D4DC-4C30-997B-725674B5A715}.Release|Any CPU.Build.0 = Release|Any CPU
	EndGlobalSection
	GlobalSection(SolutionProperties) = preSolution
		HideSolutionNode = FALSE
	EndGlobalSection
	GlobalSection(ExtensibilityGlobals) = postSolution
		SolutionGuid = {0D753AB3-ECF4-446E-BD97-2D738B447959}
	EndGlobalSection
EndGlobal
