
Microsoft Visual Studio Solution File, Format Version 12.00
# Visual Studio Version 17
VisualStudioVersion = 17.1.32210.238
MinimumVisualStudioVersion = 10.0.40219.1
Project("{FAE04EC0-301F-11D3-BF4B-00C04F79EFBC}") = "Oops", "Oops\Oops.csproj", "{DE651166-5088-4B53-8E03-6031B4EDABFC}"
EndProject
Global
	GlobalSection(SolutionConfigurationPlatforms) = preSolution
		Debug|Any CPU = Debug|Any CPU
		Release|Any CPU = Release|Any CPU
	EndGlobalSection
	GlobalSection(ProjectConfigurationPlatforms) = postSolution
		{DE651166-5088-4B53-8E03-6031B4EDABFC}.Debug|Any CPU.ActiveCfg = Debug|Any CPU
		{DE651166-5088-4B53-8E03-6031B4EDABFC}.Debug|Any CPU.Build.0 = Debug|Any CPU
		{DE651166-5088-4B53-8E03-6031B4EDABFC}.Release|Any CPU.ActiveCfg = Release|Any CPU
		{DE651166-5088-4B53-8E03-6031B4EDABFC}.Release|Any CPU.Build.0 = Release|Any CPU
	EndGlobalSection
	GlobalSection(SolutionProperties) = preSolution
		HideSolutionNode = FALSE
	EndGlobalSection
	GlobalSection(ExtensibilityGlobals) = postSolution
		SolutionGuid = {A354436D-DF26-4B85-9D8B-F9E3A7C0A436}
	EndGlobalSection
EndGlobal
