
Microsoft Visual Studio Solution File, Format Version 12.00
# Visual Studio Version 17
VisualStudioVersion = 17.1.32210.238
MinimumVisualStudioVersion = 10.0.40219.1
Project("{FAE04EC0-301F-11D3-BF4B-00C04F79EFBC}") = "ExceptionLibrary", "ExceptionLibrary.csproj", "{D0387E84-A42C-49B0-9DA3-8AAA4192C903}"
EndProject
Project("{FAE04EC0-301F-11D3-BF4B-00C04F79EFBC}") = "MyOperation", "..\MyOperation\MyOperation.csproj", "{45CC66F7-5999-4692-AAD0-B2CFC14F7DB6}"
EndProject
Global
	GlobalSection(SolutionConfigurationPlatforms) = preSolution
		Debug|Any CPU = Debug|Any CPU
		Release|Any CPU = Release|Any CPU
	EndGlobalSection
	GlobalSection(ProjectConfigurationPlatforms) = postSolution
		{D0387E84-A42C-49B0-9DA3-8AAA4192C903}.Debug|Any CPU.ActiveCfg = Debug|Any CPU
		{D0387E84-A42C-49B0-9DA3-8AAA4192C903}.Debug|Any CPU.Build.0 = Debug|Any CPU
		{D0387E84-A42C-49B0-9DA3-8AAA4192C903}.Release|Any CPU.ActiveCfg = Release|Any CPU
		{D0387E84-A42C-49B0-9DA3-8AAA4192C903}.Release|Any CPU.Build.0 = Release|Any CPU
		{45CC66F7-5999-4692-AAD0-B2CFC14F7DB6}.Debug|Any CPU.ActiveCfg = Debug|Any CPU
		{45CC66F7-5999-4692-AAD0-B2CFC14F7DB6}.Debug|Any CPU.Build.0 = Debug|Any CPU
		{45CC66F7-5999-4692-AAD0-B2CFC14F7DB6}.Release|Any CPU.ActiveCfg = Release|Any CPU
		{45CC66F7-5999-4692-AAD0-B2CFC14F7DB6}.Release|Any CPU.Build.0 = Release|Any CPU
	EndGlobalSection
	GlobalSection(SolutionProperties) = preSolution
		HideSolutionNode = FALSE
	EndGlobalSection
	GlobalSection(ExtensibilityGlobals) = postSolution
		SolutionGuid = {D711FC52-CA94-4BB7-B236-ED6AF12068DA}
	EndGlobalSection
EndGlobal
