
Microsoft Visual Studio Solution File, Format Version 12.00
# Visual Studio Version 16
VisualStudioVersion = 16.0.32228.343
MinimumVisualStudioVersion = 10.0.40219.1
Project("{FAE04EC0-301F-11D3-BF4B-00C04F79EFBC}") = "saddle", "saddle\saddle.csproj", "{4AD87CD1-76F2-41B4-8AC8-FAFE8C39D5BC}"
EndProject
Global
	GlobalSection(SolutionConfigurationPlatforms) = preSolution
		Debug|Any CPU = Debug|Any CPU
		Release|Any CPU = Release|Any CPU
	EndGlobalSection
	GlobalSection(ProjectConfigurationPlatforms) = postSolution
		{4AD87CD1-76F2-41B4-8AC8-FAFE8C39D5BC}.Debug|Any CPU.ActiveCfg = Debug|Any CPU
		{4AD87CD1-76F2-41B4-8AC8-FAFE8C39D5BC}.Debug|Any CPU.Build.0 = Debug|Any CPU
		{4AD87CD1-76F2-41B4-8AC8-FAFE8C39D5BC}.Release|Any CPU.ActiveCfg = Release|Any CPU
		{4AD87CD1-76F2-41B4-8AC8-FAFE8C39D5BC}.Release|Any CPU.Build.0 = Release|Any CPU
	EndGlobalSection
	GlobalSection(SolutionProperties) = preSolution
		HideSolutionNode = FALSE
	EndGlobalSection
	GlobalSection(ExtensibilityGlobals) = postSolution
		SolutionGuid = {1609CB24-A634-4B78-A64E-A11E20849FA2}
	EndGlobalSection
EndGlobal
