
Microsoft Visual Studio Solution File, Format Version 12.00
# Visual Studio Version 17
VisualStudioVersion = 17.1.32210.238
MinimumVisualStudioVersion = 10.0.40219.1
Project("{FAE04EC0-301F-11D3-BF4B-00C04F79EFBC}") = "ClassLibrary1", "ClassLibrary1.csproj", "{FF2F6E10-3828-4E3D-80B8-4D48E9244E28}"
EndProject
Global
	GlobalSection(SolutionConfigurationPlatforms) = preSolution
		Debug|Any CPU = Debug|Any CPU
		Release|Any CPU = Release|Any CPU
	EndGlobalSection
	GlobalSection(ProjectConfigurationPlatforms) = postSolution
		{FF2F6E10-3828-4E3D-80B8-4D48E9244E28}.Debug|Any CPU.ActiveCfg = Debug|Any CPU
		{FF2F6E10-3828-4E3D-80B8-4D48E9244E28}.Debug|Any CPU.Build.0 = Debug|Any CPU
		{FF2F6E10-3828-4E3D-80B8-4D48E9244E28}.Release|Any CPU.ActiveCfg = Release|Any CPU
		{FF2F6E10-3828-4E3D-80B8-4D48E9244E28}.Release|Any CPU.Build.0 = Release|Any CPU
	EndGlobalSection
	GlobalSection(SolutionProperties) = preSolution
		HideSolutionNode = FALSE
	EndGlobalSection
	GlobalSection(ExtensibilityGlobals) = postSolution
		SolutionGuid = {09F53335-136F-422F-B068-F31C87723639}
	EndGlobalSection
EndGlobal
