
Microsoft Visual Studio Solution File, Format Version 12.00
# Visual Studio Version 16
VisualStudioVersion = 16.0.32413.511
MinimumVisualStudioVersion = 10.0.40219.1
Project("{FAE04EC0-301F-11D3-BF4B-00C04F79EFBC}") = "LinqAss1", "LinqAss1\LinqAss1.csproj", "{DE62BACE-6CF3-4003-9BB3-FCA86B0C661D}"
EndProject
Global
	GlobalSection(SolutionConfigurationPlatforms) = preSolution
		Debug|Any CPU = Debug|Any CPU
		Release|Any CPU = Release|Any CPU
	EndGlobalSection
	GlobalSection(ProjectConfigurationPlatforms) = postSolution
		{DE62BACE-6CF3-4003-9BB3-FCA86B0C661D}.Debug|Any CPU.ActiveCfg = Debug|Any CPU
		{DE62BACE-6CF3-4003-9BB3-FCA86B0C661D}.Debug|Any CPU.Build.0 = Debug|Any CPU
		{DE62BACE-6CF3-4003-9BB3-FCA86B0C661D}.Release|Any CPU.ActiveCfg = Release|Any CPU
		{DE62BACE-6CF3-4003-9BB3-FCA86B0C661D}.Release|Any CPU.Build.0 = Release|Any CPU
	EndGlobalSection
	GlobalSection(SolutionProperties) = preSolution
		HideSolutionNode = FALSE
	EndGlobalSection
	GlobalSection(ExtensibilityGlobals) = postSolution
		SolutionGuid = {3C0BC00D-9540-41A4-9D40-C7A9F7EAF83B}
	EndGlobalSection
EndGlobal
